{
  "name": "func-programming",
  "version": "1.0.0",
  "lockfileVersion": 1,
  "dependencies": {
    "@types/angular": {
      "version": "1.6.32",
      "resolved": "https://registry.npmjs.org/@types/angular/-/angular-1.6.32.tgz",
      "integrity": "sha512-xpx7oFBN2oQEwtD80m+aI8wpejzGvlgkgzYD+MpxFTyJtlbwUUUIaJEaEJOtgtF/9Fndt3q6W1qNGf7vO2AUjw==",
      "dev": true
    },
    "@types/ramda": {
      "version": "0.24.14",
      "resolved": "https://registry.npmjs.org/@types/ramda/-/ramda-0.24.14.tgz",
      "integrity": "sha512-kxdtZ1MiYjwZxGHSFgNxbnYWgv/kfyhB21gLBQwp6jwYyq1Bifk4TQ4C2wKxGEqYxMRAskyetl0BgPxfJfJbCA==",
      "dev": true
    },
    "lodash": {
      "version": "4.17.4",
      "resolved": "https://registry.npmjs.org/lodash/-/lodash-4.17.4.tgz",
      "integrity": "sha1-eCA6TRwyiuHYbcpkYONptX9AVa4=",
      "dev": true
    },
    "ramda": {
      "version": "0.24.1",
      "resolved": "https://registry.npmjs.org/ramda/-/ramda-0.24.1.tgz",
      "integrity": "sha1-w7d1UZfzW43DUCIoJixMkd22uFc=",
      "dev": true
    }
  }
}
